
Microsoft Visual Studio Solution File, Format Version 12.00
# Visual Studio Version 17
VisualStudioVersion = 17.3.32922.545
MinimumVisualStudioVersion = 10.0.40219.1
Project("{FAE04EC0-301F-11D3-BF4B-00C04F79EFBC}") = "Vizibickili_prog_ora", "Vizibickili_prog_ora\Vizibickili_prog_ora.csproj", "{28F2B2BB-2FA2-406D-AEE6-8B7F93FA9971}"
EndProject
Global
	GlobalSection(SolutionConfigurationPlatforms) = preSolution
		Debug|Any CPU = Debug|Any CPU
		Release|Any CPU = Release|Any CPU
	EndGlobalSection
	GlobalSection(ProjectConfigurationPlatforms) = postSolution
		{28F2B2BB-2FA2-406D-AEE6-8B7F93FA9971}.Debug|Any CPU.ActiveCfg = Debug|Any CPU
		{28F2B2BB-2FA2-406D-AEE6-8B7F93FA9971}.Debug|Any CPU.Build.0 = Debug|Any CPU
		{28F2B2BB-2FA2-406D-AEE6-8B7F93FA9971}.Release|Any CPU.ActiveCfg = Release|Any CPU
		{28F2B2BB-2FA2-406D-AEE6-8B7F93FA9971}.Release|Any CPU.Build.0 = Release|Any CPU
	EndGlobalSection
	GlobalSection(SolutionProperties) = preSolution
		HideSolutionNode = FALSE
	EndGlobalSection
	GlobalSection(ExtensibilityGlobals) = postSolution
		SolutionGuid = {259C8EC0-BDEA-41AE-8E37-C8C490C47ADD}
	EndGlobalSection
EndGlobal
